
Microsoft Visual Studio Solution File, Format Version 11.00
# Visual Studio 2010
Project("{FAE04EC0-301F-11D3-BF4B-00C04F79EFBC}") = "KinectBats", "KinectBats\KinectBats\KinectBats.csproj", "{FDE1AF4F-AD46-4B0E-A979-BD7A8D32A236}"
EndProject
Project("{96E2B04D-8817-42C6-938A-82C39BA4D311}") = "KinectBatsContent", "KinectBats\KinectBatsContent\KinectBatsContent.contentproj", "{4C7DFC54-BA11-49F1-85CB-0576EFEB50C0}"
EndProject
Global
	GlobalSection(SolutionConfigurationPlatforms) = preSolution
		Debug|x86 = Debug|x86
		Release|x86 = Release|x86
	EndGlobalSection
	GlobalSection(ProjectConfigurationPlatforms) = postSolution
		{FDE1AF4F-AD46-4B0E-A979-BD7A8D32A236}.Debug|x86.ActiveCfg = Debug|x86
		{FDE1AF4F-AD46-4B0E-A979-BD7A8D32A236}.Debug|x86.Build.0 = Debug|x86
		{FDE1AF4F-AD46-4B0E-A979-BD7A8D32A236}.Release|x86.ActiveCfg = Release|x86
		{FDE1AF4F-AD46-4B0E-A979-BD7A8D32A236}.Release|x86.Build.0 = Release|x86
		{4C7DFC54-BA11-49F1-85CB-0576EFEB50C0}.Debug|x86.ActiveCfg = Debug|x86
		{4C7DFC54-BA11-49F1-85CB-0576EFEB50C0}.Release|x86.ActiveCfg = Release|x86
	EndGlobalSection
	GlobalSection(SolutionProperties) = preSolution
		HideSolutionNode = FALSE
	EndGlobalSection
EndGlobal
